
Microsoft Visual Studio Solution File, Format Version 12.00
# Visual Studio 15
VisualStudioVersion = 15.0.27004.2005
MinimumVisualStudioVersion = 10.0.40219.1
Project("{9A19103F-16F7-4668-BE54-9A1E7A4F7556}") = "Contracts", "Contracts\Contracts.csproj", "{CDACB01C-A686-4D09-A097-44BDF3051D0C}"
EndProject
Project("{2150E333-8FDC-42A3-9474-1A3956D46DE8}") = "Common", "Common", "{522C3EB9-99AD-45EE-84D1-C08F4E5840F6}"
EndProject
Project("{9A19103F-16F7-4668-BE54-9A1E7A4F7556}") = "Utils", "Utils\Utils.csproj", "{3B160ECA-A12E-46D0-8F16-E5EAACCEC30B}"
EndProject
Project("{2150E333-8FDC-42A3-9474-1A3956D46DE8}") = "Backend", "Backend", "{29A0B108-71A2-498B-B131-E493B162E1D8}"
EndProject
Project("{9A19103F-16F7-4668-BE54-9A1E7A4F7556}") = "Model", "Model\Model.csproj", "{F0F10C58-470F-4E6C-9364-D35087C27F51}"
EndProject
Project("{9A19103F-16F7-4668-BE54-9A1E7A4F7556}") = "ViewModel", "ViewModel\ViewModel.csproj", "{677007EC-9C15-49F6-9AE7-F8CAD72540B8}"
EndProject
Project("{9A19103F-16F7-4668-BE54-9A1E7A4F7556}") = "Remote", "Remote\Remote.csproj", "{782AEBCF-8797-46A0-B939-BC6F7DB4C217}"
EndProject
Project("{9A19103F-16F7-4668-BE54-9A1E7A4F7556}") = "Local", "Local\Local.csproj", "{79041CB3-F3AF-4AF5-9ED8-052B60EBE6F6}"
EndProject
Project("{9A19103F-16F7-4668-BE54-9A1E7A4F7556}") = "ItemMetadata", "ItemMetadata\ItemMetadata.csproj", "{60F7B3E6-2308-4669-A86A-660AAD99AFDA}"
EndProject
Project("{9A19103F-16F7-4668-BE54-9A1E7A4F7556}") = "Composition", "Composition\Composition.csproj", "{E85B7FD6-E427-4E71-9A32-679F055C8CEA}"
EndProject
Project("{2150E333-8FDC-42A3-9474-1A3956D46DE8}") = "Aggregation", "Aggregation", "{4794E46D-BB6B-4A83-A683-A1B6FE602466}"
EndProject
Project("{2150E333-8FDC-42A3-9474-1A3956D46DE8}") = "Communication", "Communication", "{8B13886A-15AF-409E-822B-6B03EE2B89DE}"
EndProject
Project("{FAE04EC0-301F-11D3-BF4B-00C04F79EFBC}") = "SignalRServer", "SignalRServer\SignalRServer.csproj", "{13551EA6-A02F-4C30-8F0D-87CA58A73582}"
EndProject
Project("{FAE04EC0-301F-11D3-BF4B-00C04F79EFBC}") = "Server", "Server\Server.csproj", "{33D27304-032D-41E2-8844-D7E72F4C5FD7}"
EndProject
Global
	GlobalSection(SolutionConfigurationPlatforms) = preSolution
		Debug|Any CPU = Debug|Any CPU
		Release|Any CPU = Release|Any CPU
	EndGlobalSection
	GlobalSection(ProjectConfigurationPlatforms) = postSolution
		{CDACB01C-A686-4D09-A097-44BDF3051D0C}.Debug|Any CPU.ActiveCfg = Debug|Any CPU
		{CDACB01C-A686-4D09-A097-44BDF3051D0C}.Debug|Any CPU.Build.0 = Debug|Any CPU
		{CDACB01C-A686-4D09-A097-44BDF3051D0C}.Release|Any CPU.ActiveCfg = Release|Any CPU
		{CDACB01C-A686-4D09-A097-44BDF3051D0C}.Release|Any CPU.Build.0 = Release|Any CPU
		{3B160ECA-A12E-46D0-8F16-E5EAACCEC30B}.Debug|Any CPU.ActiveCfg = Debug|Any CPU
		{3B160ECA-A12E-46D0-8F16-E5EAACCEC30B}.Debug|Any CPU.Build.0 = Debug|Any CPU
		{3B160ECA-A12E-46D0-8F16-E5EAACCEC30B}.Release|Any CPU.ActiveCfg = Release|Any CPU
		{3B160ECA-A12E-46D0-8F16-E5EAACCEC30B}.Release|Any CPU.Build.0 = Release|Any CPU
		{F0F10C58-470F-4E6C-9364-D35087C27F51}.Debug|Any CPU.ActiveCfg = Debug|Any CPU
		{F0F10C58-470F-4E6C-9364-D35087C27F51}.Debug|Any CPU.Build.0 = Debug|Any CPU
		{F0F10C58-470F-4E6C-9364-D35087C27F51}.Release|Any CPU.ActiveCfg = Release|Any CPU
		{F0F10C58-470F-4E6C-9364-D35087C27F51}.Release|Any CPU.Build.0 = Release|Any CPU
		{677007EC-9C15-49F6-9AE7-F8CAD72540B8}.Debug|Any CPU.ActiveCfg = Debug|Any CPU
		{677007EC-9C15-49F6-9AE7-F8CAD72540B8}.Debug|Any CPU.Build.0 = Debug|Any CPU
		{677007EC-9C15-49F6-9AE7-F8CAD72540B8}.Release|Any CPU.ActiveCfg = Release|Any CPU
		{677007EC-9C15-49F6-9AE7-F8CAD72540B8}.Release|Any CPU.Build.0 = Release|Any CPU
		{782AEBCF-8797-46A0-B939-BC6F7DB4C217}.Debug|Any CPU.ActiveCfg = Debug|Any CPU
		{782AEBCF-8797-46A0-B939-BC6F7DB4C217}.Debug|Any CPU.Build.0 = Debug|Any CPU
		{782AEBCF-8797-46A0-B939-BC6F7DB4C217}.Release|Any CPU.ActiveCfg = Release|Any CPU
		{782AEBCF-8797-46A0-B939-BC6F7DB4C217}.Release|Any CPU.Build.0 = Release|Any CPU
		{79041CB3-F3AF-4AF5-9ED8-052B60EBE6F6}.Debug|Any CPU.ActiveCfg = Debug|Any CPU
		{79041CB3-F3AF-4AF5-9ED8-052B60EBE6F6}.Debug|Any CPU.Build.0 = Debug|Any CPU
		{79041CB3-F3AF-4AF5-9ED8-052B60EBE6F6}.Release|Any CPU.ActiveCfg = Release|Any CPU
		{79041CB3-F3AF-4AF5-9ED8-052B60EBE6F6}.Release|Any CPU.Build.0 = Release|Any CPU
		{60F7B3E6-2308-4669-A86A-660AAD99AFDA}.Debug|Any CPU.ActiveCfg = Debug|Any CPU
		{60F7B3E6-2308-4669-A86A-660AAD99AFDA}.Debug|Any CPU.Build.0 = Debug|Any CPU
		{60F7B3E6-2308-4669-A86A-660AAD99AFDA}.Release|Any CPU.ActiveCfg = Release|Any CPU
		{60F7B3E6-2308-4669-A86A-660AAD99AFDA}.Release|Any CPU.Build.0 = Release|Any CPU
		{E85B7FD6-E427-4E71-9A32-679F055C8CEA}.Debug|Any CPU.ActiveCfg = Debug|Any CPU
		{E85B7FD6-E427-4E71-9A32-679F055C8CEA}.Debug|Any CPU.Build.0 = Debug|Any CPU
		{E85B7FD6-E427-4E71-9A32-679F055C8CEA}.Release|Any CPU.ActiveCfg = Release|Any CPU
		{E85B7FD6-E427-4E71-9A32-679F055C8CEA}.Release|Any CPU.Build.0 = Release|Any CPU
		{13551EA6-A02F-4C30-8F0D-87CA58A73582}.Debug|Any CPU.ActiveCfg = Debug|Any CPU
		{13551EA6-A02F-4C30-8F0D-87CA58A73582}.Debug|Any CPU.Build.0 = Debug|Any CPU
		{13551EA6-A02F-4C30-8F0D-87CA58A73582}.Release|Any CPU.ActiveCfg = Release|Any CPU
		{13551EA6-A02F-4C30-8F0D-87CA58A73582}.Release|Any CPU.Build.0 = Release|Any CPU
		{33D27304-032D-41E2-8844-D7E72F4C5FD7}.Debug|Any CPU.ActiveCfg = Debug|Any CPU
		{33D27304-032D-41E2-8844-D7E72F4C5FD7}.Debug|Any CPU.Build.0 = Debug|Any CPU
		{33D27304-032D-41E2-8844-D7E72F4C5FD7}.Release|Any CPU.ActiveCfg = Release|Any CPU
		{33D27304-032D-41E2-8844-D7E72F4C5FD7}.Release|Any CPU.Build.0 = Release|Any CPU
	EndGlobalSection
	GlobalSection(SolutionProperties) = preSolution
		HideSolutionNode = FALSE
	EndGlobalSection
	GlobalSection(NestedProjects) = preSolution
		{CDACB01C-A686-4D09-A097-44BDF3051D0C} = {522C3EB9-99AD-45EE-84D1-C08F4E5840F6}
		{3B160ECA-A12E-46D0-8F16-E5EAACCEC30B} = {522C3EB9-99AD-45EE-84D1-C08F4E5840F6}
		{F0F10C58-470F-4E6C-9364-D35087C27F51} = {29A0B108-71A2-498B-B131-E493B162E1D8}
		{677007EC-9C15-49F6-9AE7-F8CAD72540B8} = {4794E46D-BB6B-4A83-A683-A1B6FE602466}
		{782AEBCF-8797-46A0-B939-BC6F7DB4C217} = {29A0B108-71A2-498B-B131-E493B162E1D8}
		{79041CB3-F3AF-4AF5-9ED8-052B60EBE6F6} = {29A0B108-71A2-498B-B131-E493B162E1D8}
		{60F7B3E6-2308-4669-A86A-660AAD99AFDA} = {29A0B108-71A2-498B-B131-E493B162E1D8}
		{E85B7FD6-E427-4E71-9A32-679F055C8CEA} = {29A0B108-71A2-498B-B131-E493B162E1D8}
		{4794E46D-BB6B-4A83-A683-A1B6FE602466} = {29A0B108-71A2-498B-B131-E493B162E1D8}
		{13551EA6-A02F-4C30-8F0D-87CA58A73582} = {8B13886A-15AF-409E-822B-6B03EE2B89DE}
		{33D27304-032D-41E2-8844-D7E72F4C5FD7} = {29A0B108-71A2-498B-B131-E493B162E1D8}
	EndGlobalSection
	GlobalSection(ExtensibilityGlobals) = postSolution
		SolutionGuid = {871AEA96-415E-41DB-9E7B-0AE7113B58EE}
	EndGlobalSection
EndGlobal
