
Microsoft Visual Studio Solution File, Format Version 12.00
# Visual Studio 15
VisualStudioVersion = 15.0.26430.16
MinimumVisualStudioVersion = 10.0.40219.1
Project("{2150E333-8FDC-42A3-9474-1A3956D46DE8}") = "Solution Items", "Solution Items", "{658E5A6F-7CF2-49A6-A6F7-2AC406DD6312}"
	ProjectSection(SolutionItems) = preProject
		README.md = README.md
	EndProjectSection
EndProject
Project("{FAE04EC0-301F-11D3-BF4B-00C04F79EFBC}") = "MyOneDriveClient", "MyOneDriveClient\MyOneDriveClient.csproj", "{9A4269AF-7862-482C-A9FC-98D3542C4129}"
EndProject
Project("{FAE04EC0-301F-11D3-BF4B-00C04F79EFBC}") = "TestApp", "TestApp\TestApp.csproj", "{412833AD-DFFB-43B9-BB83-508A1018927E}"
EndProject
Project("{FAE04EC0-301F-11D3-BF4B-00C04F79EFBC}") = "LocalCloudStorage", "LocalCloudStorage\LocalCloudStorage.csproj", "{8EC13552-65CA-4C05-95B7-3ED3498611E0}"
EndProject
Project("{FAE04EC0-301F-11D3-BF4B-00C04F79EFBC}") = "Contracts", "Contracts\Contracts.csproj", "{71F4DDED-0E8A-42BD-85DC-67036C7FC938}"
EndProject
Project("{FAE04EC0-301F-11D3-BF4B-00C04F79EFBC}") = "OneDrive", "OneDrive\OneDrive.csproj", "{062C3F64-F5BE-4AE4-A23C-824CB8D65759}"
EndProject
Project("{2150E333-8FDC-42A3-9474-1A3956D46DE8}") = "Common", "Common", "{56F513DE-94E0-4180-907C-E6EA3BB46393}"
EndProject
Project("{2150E333-8FDC-42A3-9474-1A3956D46DE8}") = "Core", "Core", "{1DACE13F-0A5B-4B6F-80AF-68BC11ED34B4}"
EndProject
Project("{2150E333-8FDC-42A3-9474-1A3956D46DE8}") = "AddIns", "AddIns", "{989747C2-B8C5-4DCB-96DA-A32536161BAE}"
EndProject
Project("{2150E333-8FDC-42A3-9474-1A3956D46DE8}") = "UI", "UI", "{D8B037A4-B6EE-4FFF-9C2D-D25E7F5D44C0}"
EndProject
Project("{FAE04EC0-301F-11D3-BF4B-00C04F79EFBC}") = "Utils", "Utils\Utils.csproj", "{932F3279-F5CA-4806-9E60-7CB55E3D1E9E}"
EndProject
Global
	GlobalSection(SolutionConfigurationPlatforms) = preSolution
		Debug|Any CPU = Debug|Any CPU
		Debug|x64 = Debug|x64
		Debug|x86 = Debug|x86
		Release|Any CPU = Release|Any CPU
		Release|x64 = Release|x64
		Release|x86 = Release|x86
	EndGlobalSection
	GlobalSection(ProjectConfigurationPlatforms) = postSolution
		{9A4269AF-7862-482C-A9FC-98D3542C4129}.Debug|Any CPU.ActiveCfg = Debug|Any CPU
		{9A4269AF-7862-482C-A9FC-98D3542C4129}.Debug|Any CPU.Build.0 = Debug|Any CPU
		{9A4269AF-7862-482C-A9FC-98D3542C4129}.Debug|x64.ActiveCfg = Debug|Any CPU
		{9A4269AF-7862-482C-A9FC-98D3542C4129}.Debug|x64.Build.0 = Debug|Any CPU
		{9A4269AF-7862-482C-A9FC-98D3542C4129}.Debug|x86.ActiveCfg = Debug|Any CPU
		{9A4269AF-7862-482C-A9FC-98D3542C4129}.Debug|x86.Build.0 = Debug|Any CPU
		{9A4269AF-7862-482C-A9FC-98D3542C4129}.Release|Any CPU.ActiveCfg = Release|Any CPU
		{9A4269AF-7862-482C-A9FC-98D3542C4129}.Release|Any CPU.Build.0 = Release|Any CPU
		{9A4269AF-7862-482C-A9FC-98D3542C4129}.Release|x64.ActiveCfg = Release|Any CPU
		{9A4269AF-7862-482C-A9FC-98D3542C4129}.Release|x64.Build.0 = Release|Any CPU
		{9A4269AF-7862-482C-A9FC-98D3542C4129}.Release|x86.ActiveCfg = Release|Any CPU
		{9A4269AF-7862-482C-A9FC-98D3542C4129}.Release|x86.Build.0 = Release|Any CPU
		{412833AD-DFFB-43B9-BB83-508A1018927E}.Debug|Any CPU.ActiveCfg = Debug|Any CPU
		{412833AD-DFFB-43B9-BB83-508A1018927E}.Debug|Any CPU.Build.0 = Debug|Any CPU
		{412833AD-DFFB-43B9-BB83-508A1018927E}.Debug|x64.ActiveCfg = Debug|Any CPU
		{412833AD-DFFB-43B9-BB83-508A1018927E}.Debug|x64.Build.0 = Debug|Any CPU
		{412833AD-DFFB-43B9-BB83-508A1018927E}.Debug|x86.ActiveCfg = Debug|Any CPU
		{412833AD-DFFB-43B9-BB83-508A1018927E}.Debug|x86.Build.0 = Debug|Any CPU
		{412833AD-DFFB-43B9-BB83-508A1018927E}.Release|Any CPU.ActiveCfg = Release|Any CPU
		{412833AD-DFFB-43B9-BB83-508A1018927E}.Release|Any CPU.Build.0 = Release|Any CPU
		{412833AD-DFFB-43B9-BB83-508A1018927E}.Release|x64.ActiveCfg = Release|Any CPU
		{412833AD-DFFB-43B9-BB83-508A1018927E}.Release|x64.Build.0 = Release|Any CPU
		{412833AD-DFFB-43B9-BB83-508A1018927E}.Release|x86.ActiveCfg = Release|Any CPU
		{412833AD-DFFB-43B9-BB83-508A1018927E}.Release|x86.Build.0 = Release|Any CPU
		{8EC13552-65CA-4C05-95B7-3ED3498611E0}.Debug|Any CPU.ActiveCfg = Debug|Any CPU
		{8EC13552-65CA-4C05-95B7-3ED3498611E0}.Debug|Any CPU.Build.0 = Debug|Any CPU
		{8EC13552-65CA-4C05-95B7-3ED3498611E0}.Debug|x64.ActiveCfg = Debug|Any CPU
		{8EC13552-65CA-4C05-95B7-3ED3498611E0}.Debug|x64.Build.0 = Debug|Any CPU
		{8EC13552-65CA-4C05-95B7-3ED3498611E0}.Debug|x86.ActiveCfg = Debug|Any CPU
		{8EC13552-65CA-4C05-95B7-3ED3498611E0}.Debug|x86.Build.0 = Debug|Any CPU
		{8EC13552-65CA-4C05-95B7-3ED3498611E0}.Release|Any CPU.ActiveCfg = Release|Any CPU
		{8EC13552-65CA-4C05-95B7-3ED3498611E0}.Release|Any CPU.Build.0 = Release|Any CPU
		{8EC13552-65CA-4C05-95B7-3ED3498611E0}.Release|x64.ActiveCfg = Release|Any CPU
		{8EC13552-65CA-4C05-95B7-3ED3498611E0}.Release|x64.Build.0 = Release|Any CPU
		{8EC13552-65CA-4C05-95B7-3ED3498611E0}.Release|x86.ActiveCfg = Release|Any CPU
		{8EC13552-65CA-4C05-95B7-3ED3498611E0}.Release|x86.Build.0 = Release|Any CPU
		{71F4DDED-0E8A-42BD-85DC-67036C7FC938}.Debug|Any CPU.ActiveCfg = Debug|Any CPU
		{71F4DDED-0E8A-42BD-85DC-67036C7FC938}.Debug|Any CPU.Build.0 = Debug|Any CPU
		{71F4DDED-0E8A-42BD-85DC-67036C7FC938}.Debug|x64.ActiveCfg = Debug|Any CPU
		{71F4DDED-0E8A-42BD-85DC-67036C7FC938}.Debug|x64.Build.0 = Debug|Any CPU
		{71F4DDED-0E8A-42BD-85DC-67036C7FC938}.Debug|x86.ActiveCfg = Debug|Any CPU
		{71F4DDED-0E8A-42BD-85DC-67036C7FC938}.Debug|x86.Build.0 = Debug|Any CPU
		{71F4DDED-0E8A-42BD-85DC-67036C7FC938}.Release|Any CPU.ActiveCfg = Release|Any CPU
		{71F4DDED-0E8A-42BD-85DC-67036C7FC938}.Release|Any CPU.Build.0 = Release|Any CPU
		{71F4DDED-0E8A-42BD-85DC-67036C7FC938}.Release|x64.ActiveCfg = Release|Any CPU
		{71F4DDED-0E8A-42BD-85DC-67036C7FC938}.Release|x64.Build.0 = Release|Any CPU
		{71F4DDED-0E8A-42BD-85DC-67036C7FC938}.Release|x86.ActiveCfg = Release|Any CPU
		{71F4DDED-0E8A-42BD-85DC-67036C7FC938}.Release|x86.Build.0 = Release|Any CPU
		{062C3F64-F5BE-4AE4-A23C-824CB8D65759}.Debug|Any CPU.ActiveCfg = Debug|Any CPU
		{062C3F64-F5BE-4AE4-A23C-824CB8D65759}.Debug|Any CPU.Build.0 = Debug|Any CPU
		{062C3F64-F5BE-4AE4-A23C-824CB8D65759}.Debug|x64.ActiveCfg = Debug|Any CPU
		{062C3F64-F5BE-4AE4-A23C-824CB8D65759}.Debug|x64.Build.0 = Debug|Any CPU
		{062C3F64-F5BE-4AE4-A23C-824CB8D65759}.Debug|x86.ActiveCfg = Debug|Any CPU
		{062C3F64-F5BE-4AE4-A23C-824CB8D65759}.Debug|x86.Build.0 = Debug|Any CPU
		{062C3F64-F5BE-4AE4-A23C-824CB8D65759}.Release|Any CPU.ActiveCfg = Release|Any CPU
		{062C3F64-F5BE-4AE4-A23C-824CB8D65759}.Release|Any CPU.Build.0 = Release|Any CPU
		{062C3F64-F5BE-4AE4-A23C-824CB8D65759}.Release|x64.ActiveCfg = Release|Any CPU
		{062C3F64-F5BE-4AE4-A23C-824CB8D65759}.Release|x64.Build.0 = Release|Any CPU
		{062C3F64-F5BE-4AE4-A23C-824CB8D65759}.Release|x86.ActiveCfg = Release|Any CPU
		{062C3F64-F5BE-4AE4-A23C-824CB8D65759}.Release|x86.Build.0 = Release|Any CPU
		{932F3279-F5CA-4806-9E60-7CB55E3D1E9E}.Debug|Any CPU.ActiveCfg = Debug|Any CPU
		{932F3279-F5CA-4806-9E60-7CB55E3D1E9E}.Debug|Any CPU.Build.0 = Debug|Any CPU
		{932F3279-F5CA-4806-9E60-7CB55E3D1E9E}.Debug|x64.ActiveCfg = Debug|Any CPU
		{932F3279-F5CA-4806-9E60-7CB55E3D1E9E}.Debug|x64.Build.0 = Debug|Any CPU
		{932F3279-F5CA-4806-9E60-7CB55E3D1E9E}.Debug|x86.ActiveCfg = Debug|Any CPU
		{932F3279-F5CA-4806-9E60-7CB55E3D1E9E}.Debug|x86.Build.0 = Debug|Any CPU
		{932F3279-F5CA-4806-9E60-7CB55E3D1E9E}.Release|Any CPU.ActiveCfg = Release|Any CPU
		{932F3279-F5CA-4806-9E60-7CB55E3D1E9E}.Release|Any CPU.Build.0 = Release|Any CPU
		{932F3279-F5CA-4806-9E60-7CB55E3D1E9E}.Release|x64.ActiveCfg = Release|Any CPU
		{932F3279-F5CA-4806-9E60-7CB55E3D1E9E}.Release|x64.Build.0 = Release|Any CPU
		{932F3279-F5CA-4806-9E60-7CB55E3D1E9E}.Release|x86.ActiveCfg = Release|Any CPU
		{932F3279-F5CA-4806-9E60-7CB55E3D1E9E}.Release|x86.Build.0 = Release|Any CPU
	EndGlobalSection
	GlobalSection(SolutionProperties) = preSolution
		HideSolutionNode = FALSE
	EndGlobalSection
	GlobalSection(NestedProjects) = preSolution
		{9A4269AF-7862-482C-A9FC-98D3542C4129} = {D8B037A4-B6EE-4FFF-9C2D-D25E7F5D44C0}
		{8EC13552-65CA-4C05-95B7-3ED3498611E0} = {1DACE13F-0A5B-4B6F-80AF-68BC11ED34B4}
		{71F4DDED-0E8A-42BD-85DC-67036C7FC938} = {56F513DE-94E0-4180-907C-E6EA3BB46393}
		{062C3F64-F5BE-4AE4-A23C-824CB8D65759} = {989747C2-B8C5-4DCB-96DA-A32536161BAE}
		{932F3279-F5CA-4806-9E60-7CB55E3D1E9E} = {56F513DE-94E0-4180-907C-E6EA3BB46393}
	EndGlobalSection
EndGlobal
